
Microsoft Visual Studio Solution File, Format Version 12.00
# Visual Studio 2012
Project("{FAE04EC0-301F-11D3-BF4B-00C04F79EFBC}") = "EmployeeDetails", "EmployeeDetails\EmployeeDetails.csproj", "{2991B84A-14AF-490F-BB96-1E6116930E03}"
EndProject
Project("{FAE04EC0-301F-11D3-BF4B-00C04F79EFBC}") = "EmployeeAccessData", "EmployeeAccessData\EmployeeAccessData.csproj", "{C32D9E35-AE08-4C00-B9EA-82F95890629C}"
EndProject
Global
	GlobalSection(SolutionConfigurationPlatforms) = preSolution
		Debug|Any CPU = Debug|Any CPU
		Release|Any CPU = Release|Any CPU
	EndGlobalSection
	GlobalSection(ProjectConfigurationPlatforms) = postSolution
		{2991B84A-14AF-490F-BB96-1E6116930E03}.Debug|Any CPU.ActiveCfg = Debug|Any CPU
		{2991B84A-14AF-490F-BB96-1E6116930E03}.Debug|Any CPU.Build.0 = Debug|Any CPU
		{2991B84A-14AF-490F-BB96-1E6116930E03}.Release|Any CPU.ActiveCfg = Release|Any CPU
		{2991B84A-14AF-490F-BB96-1E6116930E03}.Release|Any CPU.Build.0 = Release|Any CPU
		{C32D9E35-AE08-4C00-B9EA-82F95890629C}.Debug|Any CPU.ActiveCfg = Debug|Any CPU
		{C32D9E35-AE08-4C00-B9EA-82F95890629C}.Debug|Any CPU.Build.0 = Debug|Any CPU
		{C32D9E35-AE08-4C00-B9EA-82F95890629C}.Release|Any CPU.ActiveCfg = Release|Any CPU
		{C32D9E35-AE08-4C00-B9EA-82F95890629C}.Release|Any CPU.Build.0 = Release|Any CPU
	EndGlobalSection
	GlobalSection(SolutionProperties) = preSolution
		HideSolutionNode = FALSE
	EndGlobalSection
EndGlobal
